<?xml version="1.0" encoding="utf-8"?>
<Project ToolsVersion="4.0" xmlns="http://schemas.microsoft.com/developer/msbuild/2003">
  <ItemGroup>
    <Filter Include="Source Files">
      <UniqueIdentifier>{4FC737F1-C7A5-4376-A066-2A32D752A2FF}</UniqueIdentifier>
      <Extensions>cpp;c;cc;cxx;def;odl;idl;hpj;bat;asm;asmx</Extensions>
    </Filter>
    <Filter Include="Header Files">
      <UniqueIdentifier>{93995380-89BD-4b04-88EB-625FBE52EBFB}</UniqueIdentifier>
      <Extensions>h;hh;hpp;hxx;hm;inl;inc;xsd</Extensions>
    </Filter>
    <Filter Include="Header Files\Resource Files">
      <UniqueIdentifier>{67DA6AB6-F800-4c08-8B7A-83BB121AAD01}</UniqueIdentifier>
      <Extensions>rc;ico;cur;bmp;dlg;rc2;rct;bin;rgs;gif;jpg;jpeg;jpe;resx;tiff;tif;png;wav;mfcribbon-ms</Extensions>
    </Filter>
    <Filter Include="Files">
      <UniqueIdentifier>{55fb2404-f144-4403-8240-aee42a3659a9}</UniqueIdentifier>
    </Filter>
  </ItemGroup>
  <ItemGroup>
    <ClCompile Include="BinaryGrid.cpp">
      <Filter>Source Files</Filter>
    </ClCompile>
    <ClCompile Include="Graphics.cpp">
      <Filter>Source Files</Filter>
    </ClCompile>
    <ClCompile Include="main.cpp">
      <Filter>Source Files</Filter>
    </ClCompile>
    <ClCompile Include="MathUtils.cpp">
      <Filter>Source Files</Filter>
    </ClCompile>
    <ClCompile Include="NavigationEnvironment.cpp">
      <Filter>Source Files</Filter>
    </ClCompile>
    <ClCompile Include="Node.cpp">
      <Filter>Source Files</Filter>
    </ClCompile>
    <ClCompile Include="Route.cpp">
      <Filter>Source Files</Filter>
    </ClCompile>
    <ClCompile Include="RRT.cpp">
      <Filter>Source Files</Filter>
    </ClCompile>
    <ClCompile Include="RRTDisplayer.cpp">
      <Filter>Source Files</Filter>
    </ClCompile>
    <ClCompile Include="RRTStar.cpp">
      <Filter>Source Files</Filter>
    </ClCompile>
    <ClCompile Include="Waypoint.cpp">
      <Filter>Source Files</Filter>
    </ClCompile>
    <ClCompile Include="NodeStar.cpp">
      <Filter>Source Files</Filter>
    </ClCompile>
    <ClCompile Include="EnvironmentDisplayer.cpp">
      <Filter>Source Files</Filter>
    </ClCompile>
    <ClCompile Include="Cell.cpp">
      <Filter>Source Files</Filter>
    </ClCompile>
    <ClCompile Include="StaticObstacle.cpp">
      <Filter>Source Files</Filter>
    </ClCompile>
    <ClCompile Include="BialkowskiCollisionChecker.cpp">
      <Filter>Source Files</Filter>
    </ClCompile>
    <ClCompile Include="CollisionCheckerSample.cpp">
      <Filter>Source Files</Filter>
    </ClCompile>
    <ClCompile Include="CollisionCheckerDisplayer.cpp">
      <Filter>Source Files</Filter>
    </ClCompile>
    <ClCompile Include="RRTStarSmart.cpp">
      <Filter>Source Files</Filter>
    </ClCompile>
    <ClCompile Include="CellGrid.cpp">
      <Filter>Source Files</Filter>
    </ClCompile>
    <ClCompile Include="SearchGrid.cpp">
      <Filter>Source Files</Filter>
    </ClCompile>
    <ClCompile Include="RRTStarSukharevVertices.cpp">
      <Filter>Source Files</Filter>
    </ClCompile>
    <ClCompile Include="SukharevGrid.cpp">
      <Filter>Source Files</Filter>
    </ClCompile>
    <ClCompile Include="ResultOutputer.cpp">
      <Filter>Source Files</Filter>
    </ClCompile>
    <ClCompile Include="PlanarPH.cpp">
      <Filter>Source Files</Filter>
    </ClCompile>
    <ClCompile Include="CurveCollisionChecker.cpp">
      <Filter>Source Files</Filter>
    </ClCompile>
    <ClCompile Include="RRTCurve.cpp">
      <Filter>Source Files</Filter>
    </ClCompile>
    <ClCompile Include="RRTGrid.cpp">
      <Filter>Source Files</Filter>
    </ClCompile>
    <ClCompile Include="KDTree.cpp">
      <Filter>Source Files</Filter>
    </ClCompile>
    <ClCompile Include="InformedRRTStar.cpp">
      <Filter>Source Files</Filter>
    </ClCompile>
    <ClCompile Include="BITStar.cpp">
      <Filter>Source Files</Filter>
    </ClCompile>
    <ClCompile Include="VisibilityGraph.cpp">
      <Filter>Source Files</Filter>
    </ClCompile>
    <ClCompile Include="NodeGraph.cpp">
      <Filter>Source Files</Filter>
    </ClCompile>
    <ClCompile Include="GraphDisplayer.cpp">
      <Filter>Source Files</Filter>
    </ClCompile>
  </ItemGroup>
  <ItemGroup>
    <ClInclude Include="BinaryGrid.h">
      <Filter>Header Files</Filter>
    </ClInclude>
    <ClInclude Include="Graphics.h">
      <Filter>Header Files</Filter>
    </ClInclude>
    <ClInclude Include="MathUtils.h">
      <Filter>Header Files</Filter>
    </ClInclude>
    <ClInclude Include="NavigationEnvironment.h">
      <Filter>Header Files</Filter>
    </ClInclude>
    <ClInclude Include="Node.h">
      <Filter>Header Files</Filter>
    </ClInclude>
    <ClInclude Include="Route.h">
      <Filter>Header Files</Filter>
    </ClInclude>
    <ClInclude Include="RRT.h">
      <Filter>Header Files</Filter>
    </ClInclude>
    <ClInclude Include="RRTDisplayer.h">
      <Filter>Header Files</Filter>
    </ClInclude>
    <ClInclude Include="RRTStar.h">
      <Filter>Header Files</Filter>
    </ClInclude>
    <ClInclude Include="Waypoint.h">
      <Filter>Header Files</Filter>
    </ClInclude>
    <ClInclude Include="NodeStar.h">
      <Filter>Header Files</Filter>
    </ClInclude>
    <ClInclude Include="EnvironmentDisplayer.h">
      <Filter>Header Files</Filter>
    </ClInclude>
    <ClInclude Include="Cell.h">
      <Filter>Header Files</Filter>
    </ClInclude>
    <ClInclude Include="StaticObstacle.h">
      <Filter>Header Files</Filter>
    </ClInclude>
    <ClInclude Include="Displayable.h">
      <Filter>Header Files</Filter>
    </ClInclude>
    <ClInclude Include="BialkowskiCollisionChecker.h">
      <Filter>Header Files</Filter>
    </ClInclude>
    <ClInclude Include="CollisionCheckerSample.h">
      <Filter>Header Files</Filter>
    </ClInclude>
    <ClInclude Include="CollisionCheckerDisplayer.h">
      <Filter>Header Files</Filter>
    </ClInclude>
    <ClInclude Include="RRTStarSmart.h">
      <Filter>Header Files</Filter>
    </ClInclude>
    <ClInclude Include="NodePointerCompare.h">
      <Filter>Header Files</Filter>
    </ClInclude>
    <ClInclude Include="CellGrid.h">
      <Filter>Header Files</Filter>
    </ClInclude>
    <ClInclude Include="SearchGrid.h">
      <Filter>Header Files</Filter>
    </ClInclude>
    <ClInclude Include="RRTStarSukharevVertices.h">
      <Filter>Header Files</Filter>
    </ClInclude>
    <ClInclude Include="SukharevGrid.h">
      <Filter>Header Files</Filter>
    </ClInclude>
    <ClInclude Include="ResultOutputer.h">
      <Filter>Header Files</Filter>
    </ClInclude>
    <ClInclude Include="CGALDefinitions.h">
      <Filter>Header Files</Filter>
    </ClInclude>
    <ClInclude Include="PointPH.h">
      <Filter>Header Files</Filter>
    </ClInclude>
    <ClInclude Include="stdafx.h">
      <Filter>Header Files</Filter>
    </ClInclude>
    <ClInclude Include="PlanarPH.h">
      <Filter>Header Files</Filter>
    </ClInclude>
    <ClInclude Include="targetver.h">
      <Filter>Header Files</Filter>
    </ClInclude>
    <ClInclude Include="CurveCollisionChecker.h">
      <Filter>Header Files</Filter>
    </ClInclude>
    <ClInclude Include="RRTCurve.h">
      <Filter>Header Files</Filter>
    </ClInclude>
    <ClInclude Include="RRTGrid.h">
      <Filter>Header Files</Filter>
    </ClInclude>
    <ClInclude Include="GridEnum.h">
      <Filter>Header Files</Filter>
    </ClInclude>
    <ClInclude Include="KDTree.h">
      <Filter>Header Files</Filter>
    </ClInclude>
    <ClInclude Include="InformedRRTStar.h">
      <Filter>Header Files</Filter>
    </ClInclude>
    <ClInclude Include="BITStar.h">
      <Filter>Header Files</Filter>
    </ClInclude>
    <ClInclude Include="VisibilityGraph.h">
      <Filter>Header Files</Filter>
    </ClInclude>
    <ClInclude Include="NodeGraph.h">
      <Filter>Header Files</Filter>
    </ClInclude>
    <ClInclude Include="GraphDisplayer.h">
      <Filter>Header Files</Filter>
    </ClInclude>
  </ItemGroup>
  <ItemGroup>
    <Text Include="inputs.txt">
      <Filter>Files</Filter>
    </Text>
  </ItemGroup>
</Project>